
Microsoft Visual Studio Solution File, Format Version 12.00
# Visual Studio Version 17
VisualStudioVersion = 17.5.33502.453
MinimumVisualStudioVersion = 10.0.40219.1
Project("{FAE04EC0-301F-11D3-BF4B-00C04F79EFBC}") = "adonet-db-videogame", "adonet-db-videogame.csproj", "{91C22111-2F06-4329-8022-09D884A3F187}"
EndProject
Global
	GlobalSection(SolutionConfigurationPlatforms) = preSolution
		Debug|Any CPU = Debug|Any CPU
		Release|Any CPU = Release|Any CPU
	EndGlobalSection
	GlobalSection(ProjectConfigurationPlatforms) = postSolution
		{91C22111-2F06-4329-8022-09D884A3F187}.Debug|Any CPU.ActiveCfg = Debug|Any CPU
		{91C22111-2F06-4329-8022-09D884A3F187}.Debug|Any CPU.Build.0 = Debug|Any CPU
		{91C22111-2F06-4329-8022-09D884A3F187}.Release|Any CPU.ActiveCfg = Release|Any CPU
		{91C22111-2F06-4329-8022-09D884A3F187}.Release|Any CPU.Build.0 = Release|Any CPU
	EndGlobalSection
	GlobalSection(SolutionProperties) = preSolution
		HideSolutionNode = FALSE
	EndGlobalSection
	GlobalSection(ExtensibilityGlobals) = postSolution
		SolutionGuid = {8306651C-3F72-4E38-812F-750C77006B35}
	EndGlobalSection
EndGlobal
